
Microsoft Visual Studio Solution File, Format Version 12.00
# Visual Studio Version 16
VisualStudioVersion = 16.0.30804.86
MinimumVisualStudioVersion = 10.0.40219.1
Project("{F184B08F-C81C-45F6-A57F-5ABD9991F28F}") = "Gsm", "Sms\Gsm\Gsm.vbproj", "{66EA5E97-D905-4CDB-AC88-A1187595A8DA}"
EndProject
Project("{F184B08F-C81C-45F6-A57F-5ABD9991F28F}") = "Gsm (with Delivery Reports)", "Sms\Gsm (with Delivery Reports)\Gsm (with Delivery Reports).vbproj", "{24BB549A-0364-4021-8F22-19CCD3CDCC6F}"
EndProject
Project("{F184B08F-C81C-45F6-A57F-5ABD9991F28F}") = "Smpp", "Sms\Smpp\Smpp.vbproj", "{A06E7497-F04E-4259-A878-05A4B2430E06}"
EndProject
Project("{F184B08F-C81C-45F6-A57F-5ABD9991F28F}") = "Smpp (with Delivery Reports)", "Sms\Smpp (with Delivery Reports)\Smpp (with Delivery Reports).vbproj", "{CAA929F1-D86B-46DE-B835-B866ACE8DFE4}"
EndProject
Project("{F184B08F-C81C-45F6-A57F-5ABD9991F28F}") = "Smpp (with Delivery Reports, High Performance)", "Sms\Smpp (with Delivery Reports, High Performance)\Smpp (with Delivery Reports, High Performance).vbproj", "{333FDEF5-4AF6-404E-84DD-D1A5C75B9B82}"
EndProject
Project("{F184B08F-C81C-45F6-A57F-5ABD9991F28F}") = "Http", "Sms\Http\Http.vbproj", "{37233A48-FDE5-45D0-BD19-411B760D6232}"
EndProject
Project("{F184B08F-C81C-45F6-A57F-5ABD9991F28F}") = "HttpXml", "Sms\HttpXml\HttpXml.vbproj", "{5251945D-2679-435D-88F6-842C3D580359}"
EndProject
Project("{F184B08F-C81C-45F6-A57F-5ABD9991F28F}") = "Snpp", "Pager\Snpp\Snpp.vbproj", "{D4FFED99-C99A-4354-9324-AD6D6AD43F96}"
EndProject
Project("{F184B08F-C81C-45F6-A57F-5ABD9991F28F}") = "Ussd", "Ussd\Ussd\Ussd.vbproj", "{BAC2246E-D7AD-4CC8-88E6-EE86EFB7996A}"
EndProject
Project("{F184B08F-C81C-45F6-A57F-5ABD9991F28F}") = "Smpp Server", "Sms\Smpp Server\Smpp Server.vbproj", "{6BD7AF03-9882-471B-A0DE-23247BB459A9}"
EndProject
Project("{F184B08F-C81C-45F6-A57F-5ABD9991F28F}") = "Multipart", "Sms\Multipart\Multipart.vbproj", "{B0004075-0DE9-4D36-AF92-25BF5090661D}"
EndProject
Project("{F184B08F-C81C-45F6-A57F-5ABD9991F28F}") = "AndroidSms", "Sms\AndroidSms\AndroidSms.vbproj", "{CDA6D0B2-E4A3-4D4B-930D-E372CBD5F1D8}"
EndProject
Project("{F184B08F-C81C-45F6-A57F-5ABD9991F28F}") = "HttpServer", "HttpServer\HttpServer.vbproj", "{2D5E8021-9B21-4D8D-8F59-02A4CDCA8EDB}"
EndProject
Global
	GlobalSection(SolutionConfigurationPlatforms) = preSolution
		Debug|Any CPU = Debug|Any CPU
		Debug|x64 = Debug|x64
		Debug|x86 = Debug|x86
		Release|Any CPU = Release|Any CPU
		Release|x64 = Release|x64
		Release|x86 = Release|x86
	EndGlobalSection
	GlobalSection(ProjectConfigurationPlatforms) = postSolution
		{66EA5E97-D905-4CDB-AC88-A1187595A8DA}.Debug|Any CPU.ActiveCfg = Debug|Any CPU
		{66EA5E97-D905-4CDB-AC88-A1187595A8DA}.Debug|Any CPU.Build.0 = Debug|Any CPU
		{66EA5E97-D905-4CDB-AC88-A1187595A8DA}.Debug|x64.ActiveCfg = Debug|x64
		{66EA5E97-D905-4CDB-AC88-A1187595A8DA}.Debug|x64.Build.0 = Debug|x64
		{66EA5E97-D905-4CDB-AC88-A1187595A8DA}.Debug|x86.ActiveCfg = Debug|x86
		{66EA5E97-D905-4CDB-AC88-A1187595A8DA}.Debug|x86.Build.0 = Debug|x86
		{66EA5E97-D905-4CDB-AC88-A1187595A8DA}.Release|Any CPU.ActiveCfg = Release|Any CPU
		{66EA5E97-D905-4CDB-AC88-A1187595A8DA}.Release|Any CPU.Build.0 = Release|Any CPU
		{66EA5E97-D905-4CDB-AC88-A1187595A8DA}.Release|x64.ActiveCfg = Release|x64
		{66EA5E97-D905-4CDB-AC88-A1187595A8DA}.Release|x64.Build.0 = Release|x64
		{66EA5E97-D905-4CDB-AC88-A1187595A8DA}.Release|x86.ActiveCfg = Release|x86
		{66EA5E97-D905-4CDB-AC88-A1187595A8DA}.Release|x86.Build.0 = Release|x86
		{24BB549A-0364-4021-8F22-19CCD3CDCC6F}.Debug|Any CPU.ActiveCfg = Debug|Any CPU
		{24BB549A-0364-4021-8F22-19CCD3CDCC6F}.Debug|Any CPU.Build.0 = Debug|Any CPU
		{24BB549A-0364-4021-8F22-19CCD3CDCC6F}.Debug|x64.ActiveCfg = Debug|x64
		{24BB549A-0364-4021-8F22-19CCD3CDCC6F}.Debug|x64.Build.0 = Debug|x64
		{24BB549A-0364-4021-8F22-19CCD3CDCC6F}.Debug|x86.ActiveCfg = Debug|x86
		{24BB549A-0364-4021-8F22-19CCD3CDCC6F}.Debug|x86.Build.0 = Debug|x86
		{24BB549A-0364-4021-8F22-19CCD3CDCC6F}.Release|Any CPU.ActiveCfg = Release|Any CPU
		{24BB549A-0364-4021-8F22-19CCD3CDCC6F}.Release|Any CPU.Build.0 = Release|Any CPU
		{24BB549A-0364-4021-8F22-19CCD3CDCC6F}.Release|x64.ActiveCfg = Release|x64
		{24BB549A-0364-4021-8F22-19CCD3CDCC6F}.Release|x64.Build.0 = Release|x64
		{24BB549A-0364-4021-8F22-19CCD3CDCC6F}.Release|x86.ActiveCfg = Release|x86
		{24BB549A-0364-4021-8F22-19CCD3CDCC6F}.Release|x86.Build.0 = Release|x86
		{A06E7497-F04E-4259-A878-05A4B2430E06}.Debug|Any CPU.ActiveCfg = Debug|Any CPU
		{A06E7497-F04E-4259-A878-05A4B2430E06}.Debug|Any CPU.Build.0 = Debug|Any CPU
		{A06E7497-F04E-4259-A878-05A4B2430E06}.Debug|x64.ActiveCfg = Debug|x64
		{A06E7497-F04E-4259-A878-05A4B2430E06}.Debug|x64.Build.0 = Debug|x64
		{A06E7497-F04E-4259-A878-05A4B2430E06}.Debug|x86.ActiveCfg = Debug|x86
		{A06E7497-F04E-4259-A878-05A4B2430E06}.Debug|x86.Build.0 = Debug|x86
		{A06E7497-F04E-4259-A878-05A4B2430E06}.Release|Any CPU.ActiveCfg = Release|Any CPU
		{A06E7497-F04E-4259-A878-05A4B2430E06}.Release|Any CPU.Build.0 = Release|Any CPU
		{A06E7497-F04E-4259-A878-05A4B2430E06}.Release|x64.ActiveCfg = Release|x64
		{A06E7497-F04E-4259-A878-05A4B2430E06}.Release|x64.Build.0 = Release|x64
		{A06E7497-F04E-4259-A878-05A4B2430E06}.Release|x86.ActiveCfg = Release|x86
		{A06E7497-F04E-4259-A878-05A4B2430E06}.Release|x86.Build.0 = Release|x86
		{CAA929F1-D86B-46DE-B835-B866ACE8DFE4}.Debug|Any CPU.ActiveCfg = Debug|Any CPU
		{CAA929F1-D86B-46DE-B835-B866ACE8DFE4}.Debug|Any CPU.Build.0 = Debug|Any CPU
		{CAA929F1-D86B-46DE-B835-B866ACE8DFE4}.Debug|x64.ActiveCfg = Debug|x64
		{CAA929F1-D86B-46DE-B835-B866ACE8DFE4}.Debug|x64.Build.0 = Debug|x64
		{CAA929F1-D86B-46DE-B835-B866ACE8DFE4}.Debug|x86.ActiveCfg = Debug|x86
		{CAA929F1-D86B-46DE-B835-B866ACE8DFE4}.Debug|x86.Build.0 = Debug|x86
		{CAA929F1-D86B-46DE-B835-B866ACE8DFE4}.Release|Any CPU.ActiveCfg = Release|Any CPU
		{CAA929F1-D86B-46DE-B835-B866ACE8DFE4}.Release|Any CPU.Build.0 = Release|Any CPU
		{CAA929F1-D86B-46DE-B835-B866ACE8DFE4}.Release|x64.ActiveCfg = Release|x64
		{CAA929F1-D86B-46DE-B835-B866ACE8DFE4}.Release|x64.Build.0 = Release|x64
		{CAA929F1-D86B-46DE-B835-B866ACE8DFE4}.Release|x86.ActiveCfg = Release|x86
		{CAA929F1-D86B-46DE-B835-B866ACE8DFE4}.Release|x86.Build.0 = Release|x86
		{333FDEF5-4AF6-404E-84DD-D1A5C75B9B82}.Debug|Any CPU.ActiveCfg = Debug|Any CPU
		{333FDEF5-4AF6-404E-84DD-D1A5C75B9B82}.Debug|Any CPU.Build.0 = Debug|Any CPU
		{333FDEF5-4AF6-404E-84DD-D1A5C75B9B82}.Debug|x64.ActiveCfg = Debug|x64
		{333FDEF5-4AF6-404E-84DD-D1A5C75B9B82}.Debug|x64.Build.0 = Debug|x64
		{333FDEF5-4AF6-404E-84DD-D1A5C75B9B82}.Debug|x86.ActiveCfg = Debug|x86
		{333FDEF5-4AF6-404E-84DD-D1A5C75B9B82}.Debug|x86.Build.0 = Debug|x86
		{333FDEF5-4AF6-404E-84DD-D1A5C75B9B82}.Release|Any CPU.ActiveCfg = Release|Any CPU
		{333FDEF5-4AF6-404E-84DD-D1A5C75B9B82}.Release|Any CPU.Build.0 = Release|Any CPU
		{333FDEF5-4AF6-404E-84DD-D1A5C75B9B82}.Release|x64.ActiveCfg = Release|x64
		{333FDEF5-4AF6-404E-84DD-D1A5C75B9B82}.Release|x64.Build.0 = Release|x64
		{333FDEF5-4AF6-404E-84DD-D1A5C75B9B82}.Release|x86.ActiveCfg = Release|x86
		{333FDEF5-4AF6-404E-84DD-D1A5C75B9B82}.Release|x86.Build.0 = Release|x86
		{37233A48-FDE5-45D0-BD19-411B760D6232}.Debug|Any CPU.ActiveCfg = Debug|Any CPU
		{37233A48-FDE5-45D0-BD19-411B760D6232}.Debug|Any CPU.Build.0 = Debug|Any CPU
		{37233A48-FDE5-45D0-BD19-411B760D6232}.Debug|x64.ActiveCfg = Debug|x64
		{37233A48-FDE5-45D0-BD19-411B760D6232}.Debug|x64.Build.0 = Debug|x64
		{37233A48-FDE5-45D0-BD19-411B760D6232}.Debug|x86.ActiveCfg = Debug|x86
		{37233A48-FDE5-45D0-BD19-411B760D6232}.Debug|x86.Build.0 = Debug|x86
		{37233A48-FDE5-45D0-BD19-411B760D6232}.Release|Any CPU.ActiveCfg = Release|Any CPU
		{37233A48-FDE5-45D0-BD19-411B760D6232}.Release|Any CPU.Build.0 = Release|Any CPU
		{37233A48-FDE5-45D0-BD19-411B760D6232}.Release|x64.ActiveCfg = Release|x64
		{37233A48-FDE5-45D0-BD19-411B760D6232}.Release|x64.Build.0 = Release|x64
		{37233A48-FDE5-45D0-BD19-411B760D6232}.Release|x86.ActiveCfg = Release|x86
		{37233A48-FDE5-45D0-BD19-411B760D6232}.Release|x86.Build.0 = Release|x86
		{5251945D-2679-435D-88F6-842C3D580359}.Debug|Any CPU.ActiveCfg = Debug|Any CPU
		{5251945D-2679-435D-88F6-842C3D580359}.Debug|Any CPU.Build.0 = Debug|Any CPU
		{5251945D-2679-435D-88F6-842C3D580359}.Debug|x64.ActiveCfg = Debug|x64
		{5251945D-2679-435D-88F6-842C3D580359}.Debug|x64.Build.0 = Debug|x64
		{5251945D-2679-435D-88F6-842C3D580359}.Debug|x86.ActiveCfg = Debug|x86
		{5251945D-2679-435D-88F6-842C3D580359}.Debug|x86.Build.0 = Debug|x86
		{5251945D-2679-435D-88F6-842C3D580359}.Release|Any CPU.ActiveCfg = Release|Any CPU
		{5251945D-2679-435D-88F6-842C3D580359}.Release|Any CPU.Build.0 = Release|Any CPU
		{5251945D-2679-435D-88F6-842C3D580359}.Release|x64.ActiveCfg = Release|x64
		{5251945D-2679-435D-88F6-842C3D580359}.Release|x64.Build.0 = Release|x64
		{5251945D-2679-435D-88F6-842C3D580359}.Release|x86.ActiveCfg = Release|x86
		{5251945D-2679-435D-88F6-842C3D580359}.Release|x86.Build.0 = Release|x86
		{D4FFED99-C99A-4354-9324-AD6D6AD43F96}.Debug|Any CPU.ActiveCfg = Debug|Any CPU
		{D4FFED99-C99A-4354-9324-AD6D6AD43F96}.Debug|Any CPU.Build.0 = Debug|Any CPU
		{D4FFED99-C99A-4354-9324-AD6D6AD43F96}.Debug|x64.ActiveCfg = Debug|x64
		{D4FFED99-C99A-4354-9324-AD6D6AD43F96}.Debug|x64.Build.0 = Debug|x64
		{D4FFED99-C99A-4354-9324-AD6D6AD43F96}.Debug|x86.ActiveCfg = Debug|x86
		{D4FFED99-C99A-4354-9324-AD6D6AD43F96}.Debug|x86.Build.0 = Debug|x86
		{D4FFED99-C99A-4354-9324-AD6D6AD43F96}.Release|Any CPU.ActiveCfg = Release|Any CPU
		{D4FFED99-C99A-4354-9324-AD6D6AD43F96}.Release|Any CPU.Build.0 = Release|Any CPU
		{D4FFED99-C99A-4354-9324-AD6D6AD43F96}.Release|x64.ActiveCfg = Release|x64
		{D4FFED99-C99A-4354-9324-AD6D6AD43F96}.Release|x64.Build.0 = Release|x64
		{D4FFED99-C99A-4354-9324-AD6D6AD43F96}.Release|x86.ActiveCfg = Release|x86
		{D4FFED99-C99A-4354-9324-AD6D6AD43F96}.Release|x86.Build.0 = Release|x86
		{BAC2246E-D7AD-4CC8-88E6-EE86EFB7996A}.Debug|Any CPU.ActiveCfg = Debug|Any CPU
		{BAC2246E-D7AD-4CC8-88E6-EE86EFB7996A}.Debug|Any CPU.Build.0 = Debug|Any CPU
		{BAC2246E-D7AD-4CC8-88E6-EE86EFB7996A}.Debug|x64.ActiveCfg = Debug|x64
		{BAC2246E-D7AD-4CC8-88E6-EE86EFB7996A}.Debug|x64.Build.0 = Debug|x64
		{BAC2246E-D7AD-4CC8-88E6-EE86EFB7996A}.Debug|x86.ActiveCfg = Debug|x86
		{BAC2246E-D7AD-4CC8-88E6-EE86EFB7996A}.Debug|x86.Build.0 = Debug|x86
		{BAC2246E-D7AD-4CC8-88E6-EE86EFB7996A}.Release|Any CPU.ActiveCfg = Release|Any CPU
		{BAC2246E-D7AD-4CC8-88E6-EE86EFB7996A}.Release|Any CPU.Build.0 = Release|Any CPU
		{BAC2246E-D7AD-4CC8-88E6-EE86EFB7996A}.Release|x64.ActiveCfg = Release|x64
		{BAC2246E-D7AD-4CC8-88E6-EE86EFB7996A}.Release|x64.Build.0 = Release|x64
		{BAC2246E-D7AD-4CC8-88E6-EE86EFB7996A}.Release|x86.ActiveCfg = Release|x86
		{BAC2246E-D7AD-4CC8-88E6-EE86EFB7996A}.Release|x86.Build.0 = Release|x86
		{6BD7AF03-9882-471B-A0DE-23247BB459A9}.Debug|Any CPU.ActiveCfg = Debug|Any CPU
		{6BD7AF03-9882-471B-A0DE-23247BB459A9}.Debug|Any CPU.Build.0 = Debug|Any CPU
		{6BD7AF03-9882-471B-A0DE-23247BB459A9}.Debug|x64.ActiveCfg = Debug|x64
		{6BD7AF03-9882-471B-A0DE-23247BB459A9}.Debug|x64.Build.0 = Debug|x64
		{6BD7AF03-9882-471B-A0DE-23247BB459A9}.Debug|x86.ActiveCfg = Debug|x86
		{6BD7AF03-9882-471B-A0DE-23247BB459A9}.Debug|x86.Build.0 = Debug|x86
		{6BD7AF03-9882-471B-A0DE-23247BB459A9}.Release|Any CPU.ActiveCfg = Release|Any CPU
		{6BD7AF03-9882-471B-A0DE-23247BB459A9}.Release|Any CPU.Build.0 = Release|Any CPU
		{6BD7AF03-9882-471B-A0DE-23247BB459A9}.Release|x64.ActiveCfg = Release|x64
		{6BD7AF03-9882-471B-A0DE-23247BB459A9}.Release|x64.Build.0 = Release|x64
		{6BD7AF03-9882-471B-A0DE-23247BB459A9}.Release|x86.ActiveCfg = Release|x86
		{6BD7AF03-9882-471B-A0DE-23247BB459A9}.Release|x86.Build.0 = Release|x86
		{B0004075-0DE9-4D36-AF92-25BF5090661D}.Debug|Any CPU.ActiveCfg = Debug|Any CPU
		{B0004075-0DE9-4D36-AF92-25BF5090661D}.Debug|Any CPU.Build.0 = Debug|Any CPU
		{B0004075-0DE9-4D36-AF92-25BF5090661D}.Debug|x64.ActiveCfg = Debug|Any CPU
		{B0004075-0DE9-4D36-AF92-25BF5090661D}.Debug|x86.ActiveCfg = Debug|Any CPU
		{B0004075-0DE9-4D36-AF92-25BF5090661D}.Release|Any CPU.ActiveCfg = Release|Any CPU
		{B0004075-0DE9-4D36-AF92-25BF5090661D}.Release|Any CPU.Build.0 = Release|Any CPU
		{B0004075-0DE9-4D36-AF92-25BF5090661D}.Release|x64.ActiveCfg = Release|Any CPU
		{B0004075-0DE9-4D36-AF92-25BF5090661D}.Release|x86.ActiveCfg = Release|Any CPU
		{CDA6D0B2-E4A3-4D4B-930D-E372CBD5F1D8}.Debug|Any CPU.ActiveCfg = Debug|Any CPU
		{CDA6D0B2-E4A3-4D4B-930D-E372CBD5F1D8}.Debug|Any CPU.Build.0 = Debug|Any CPU
		{CDA6D0B2-E4A3-4D4B-930D-E372CBD5F1D8}.Debug|x64.ActiveCfg = Debug|Any CPU
		{CDA6D0B2-E4A3-4D4B-930D-E372CBD5F1D8}.Debug|x64.Build.0 = Debug|Any CPU
		{CDA6D0B2-E4A3-4D4B-930D-E372CBD5F1D8}.Debug|x86.ActiveCfg = Debug|Any CPU
		{CDA6D0B2-E4A3-4D4B-930D-E372CBD5F1D8}.Debug|x86.Build.0 = Debug|Any CPU
		{CDA6D0B2-E4A3-4D4B-930D-E372CBD5F1D8}.Release|Any CPU.ActiveCfg = Release|Any CPU
		{CDA6D0B2-E4A3-4D4B-930D-E372CBD5F1D8}.Release|Any CPU.Build.0 = Release|Any CPU
		{CDA6D0B2-E4A3-4D4B-930D-E372CBD5F1D8}.Release|x64.ActiveCfg = Release|Any CPU
		{CDA6D0B2-E4A3-4D4B-930D-E372CBD5F1D8}.Release|x64.Build.0 = Release|Any CPU
		{CDA6D0B2-E4A3-4D4B-930D-E372CBD5F1D8}.Release|x86.ActiveCfg = Release|Any CPU
		{CDA6D0B2-E4A3-4D4B-930D-E372CBD5F1D8}.Release|x86.Build.0 = Release|Any CPU
		{2D5E8021-9B21-4D8D-8F59-02A4CDCA8EDB}.Debug|Any CPU.ActiveCfg = Debug|Any CPU
		{2D5E8021-9B21-4D8D-8F59-02A4CDCA8EDB}.Debug|Any CPU.Build.0 = Debug|Any CPU
		{2D5E8021-9B21-4D8D-8F59-02A4CDCA8EDB}.Debug|x64.ActiveCfg = Debug|Any CPU
		{2D5E8021-9B21-4D8D-8F59-02A4CDCA8EDB}.Debug|x64.Build.0 = Debug|Any CPU
		{2D5E8021-9B21-4D8D-8F59-02A4CDCA8EDB}.Debug|x86.ActiveCfg = Debug|Any CPU
		{2D5E8021-9B21-4D8D-8F59-02A4CDCA8EDB}.Debug|x86.Build.0 = Debug|Any CPU
		{2D5E8021-9B21-4D8D-8F59-02A4CDCA8EDB}.Release|Any CPU.ActiveCfg = Release|Any CPU
		{2D5E8021-9B21-4D8D-8F59-02A4CDCA8EDB}.Release|Any CPU.Build.0 = Release|Any CPU
		{2D5E8021-9B21-4D8D-8F59-02A4CDCA8EDB}.Release|x64.ActiveCfg = Release|Any CPU
		{2D5E8021-9B21-4D8D-8F59-02A4CDCA8EDB}.Release|x64.Build.0 = Release|Any CPU
		{2D5E8021-9B21-4D8D-8F59-02A4CDCA8EDB}.Release|x86.ActiveCfg = Release|Any CPU
		{2D5E8021-9B21-4D8D-8F59-02A4CDCA8EDB}.Release|x86.Build.0 = Release|Any CPU
	EndGlobalSection
	GlobalSection(SolutionProperties) = preSolution
		HideSolutionNode = FALSE
	EndGlobalSection
	GlobalSection(ExtensibilityGlobals) = postSolution
		SolutionGuid = {E7E03882-A548-4627-84EA-DFAD7B0C3945}
	EndGlobalSection
EndGlobal
