
Microsoft Visual Studio Solution File, Format Version 12.00
# Visual Studio Version 16
VisualStudioVersion = 16.0.30804.86
MinimumVisualStudioVersion = 10.0.40219.1
Project("{FAE04EC0-301F-11D3-BF4B-00C04F79EFBC}") = "Gsm", "Sms\Gsm\Gsm.csproj", "{B01FCD45-0C9D-43C5-9640-F77D7596481D}"
EndProject
Project("{FAE04EC0-301F-11D3-BF4B-00C04F79EFBC}") = "Gsm (with Delivery Reports)", "Sms\Gsm (with Delivery Reports)\Gsm (with Delivery Reports).csproj", "{CE1C78D0-8EC3-496D-AAF2-848F09417E2D}"
EndProject
Project("{FAE04EC0-301F-11D3-BF4B-00C04F79EFBC}") = "Smpp", "Sms\Smpp\Smpp.csproj", "{9B4E638D-0844-402D-A791-8D9D02E6A846}"
EndProject
Project("{FAE04EC0-301F-11D3-BF4B-00C04F79EFBC}") = "Smpp (with Delivery Reports)", "Sms\Smpp (with Delivery Reports)\Smpp (with Delivery Reports).csproj", "{AAAB77C1-EC49-4A02-B064-99BC1D948CB6}"
EndProject
Project("{FAE04EC0-301F-11D3-BF4B-00C04F79EFBC}") = "Smpp (with Delivery Reports, High Performance)", "Sms\Smpp (with Delivery Reports, High Performance)\Smpp (with Delivery Reports, High Performance).csproj", "{B9C50173-98A3-48DA-BEC5-3231C82BFACC}"
EndProject
Project("{FAE04EC0-301F-11D3-BF4B-00C04F79EFBC}") = "Http", "Sms\Http\Http.csproj", "{82CCE861-C126-40AC-B692-5B0EBC034BC8}"
EndProject
Project("{FAE04EC0-301F-11D3-BF4B-00C04F79EFBC}") = "HttpXml", "Sms\HttpXML\HttpXml.csproj", "{584DBE36-81A4-4EF8-8318-E371B0F306DE}"
EndProject
Project("{FAE04EC0-301F-11D3-BF4B-00C04F79EFBC}") = "Snpp", "Pager\Snpp\Snpp.csproj", "{F63B8BC4-743D-4A05-8D72-B23D3C47F83C}"
EndProject
Project("{FAE04EC0-301F-11D3-BF4B-00C04F79EFBC}") = "Ussd", "Ussd\Ussd\Ussd.csproj", "{C9625176-1BAD-4D62-A135-C7AFF505DB72}"
EndProject
Project("{FAE04EC0-301F-11D3-BF4B-00C04F79EFBC}") = "Smpp Server", "Sms\Smpp Server\Smpp Server.csproj", "{2F42BF2C-360B-4C0A-AE96-15813D4FD871}"
EndProject
Project("{FAE04EC0-301F-11D3-BF4B-00C04F79EFBC}") = "Multipart", "Sms\Multipart\Multipart.csproj", "{50D0B0B6-14A3-4BEC-A950-C92A6001FE45}"
EndProject
Project("{FAE04EC0-301F-11D3-BF4B-00C04F79EFBC}") = "AndroidSms", "Sms\AndroidSms\AndroidSms.csproj", "{EFEB6E02-3E72-4881-84A0-478A6F05D9B2}"
EndProject
Project("{FAE04EC0-301F-11D3-BF4B-00C04F79EFBC}") = "HttpServer", "HttpServer\HttpServer.csproj", "{991EC979-8A0B-4160-81B0-3116AAEE7EC5}"
EndProject
Global
	GlobalSection(SolutionConfigurationPlatforms) = preSolution
		Debug|Any CPU = Debug|Any CPU
		Debug|x64 = Debug|x64
		Debug|x86 = Debug|x86
		Release|Any CPU = Release|Any CPU
		Release|x64 = Release|x64
		Release|x86 = Release|x86
	EndGlobalSection
	GlobalSection(ProjectConfigurationPlatforms) = postSolution
		{B01FCD45-0C9D-43C5-9640-F77D7596481D}.Debug|Any CPU.ActiveCfg = Debug|Any CPU
		{B01FCD45-0C9D-43C5-9640-F77D7596481D}.Debug|Any CPU.Build.0 = Debug|Any CPU
		{B01FCD45-0C9D-43C5-9640-F77D7596481D}.Debug|x64.ActiveCfg = Debug|x64
		{B01FCD45-0C9D-43C5-9640-F77D7596481D}.Debug|x64.Build.0 = Debug|x64
		{B01FCD45-0C9D-43C5-9640-F77D7596481D}.Debug|x86.ActiveCfg = Debug|x86
		{B01FCD45-0C9D-43C5-9640-F77D7596481D}.Debug|x86.Build.0 = Debug|x86
		{B01FCD45-0C9D-43C5-9640-F77D7596481D}.Release|Any CPU.ActiveCfg = Release|Any CPU
		{B01FCD45-0C9D-43C5-9640-F77D7596481D}.Release|Any CPU.Build.0 = Release|Any CPU
		{B01FCD45-0C9D-43C5-9640-F77D7596481D}.Release|x64.ActiveCfg = Release|x64
		{B01FCD45-0C9D-43C5-9640-F77D7596481D}.Release|x64.Build.0 = Release|x64
		{B01FCD45-0C9D-43C5-9640-F77D7596481D}.Release|x86.ActiveCfg = Release|x86
		{B01FCD45-0C9D-43C5-9640-F77D7596481D}.Release|x86.Build.0 = Release|x86
		{CE1C78D0-8EC3-496D-AAF2-848F09417E2D}.Debug|Any CPU.ActiveCfg = Debug|Any CPU
		{CE1C78D0-8EC3-496D-AAF2-848F09417E2D}.Debug|Any CPU.Build.0 = Debug|Any CPU
		{CE1C78D0-8EC3-496D-AAF2-848F09417E2D}.Debug|x64.ActiveCfg = Debug|x64
		{CE1C78D0-8EC3-496D-AAF2-848F09417E2D}.Debug|x64.Build.0 = Debug|x64
		{CE1C78D0-8EC3-496D-AAF2-848F09417E2D}.Debug|x86.ActiveCfg = Debug|x86
		{CE1C78D0-8EC3-496D-AAF2-848F09417E2D}.Debug|x86.Build.0 = Debug|x86
		{CE1C78D0-8EC3-496D-AAF2-848F09417E2D}.Release|Any CPU.ActiveCfg = Release|Any CPU
		{CE1C78D0-8EC3-496D-AAF2-848F09417E2D}.Release|Any CPU.Build.0 = Release|Any CPU
		{CE1C78D0-8EC3-496D-AAF2-848F09417E2D}.Release|x64.ActiveCfg = Release|x64
		{CE1C78D0-8EC3-496D-AAF2-848F09417E2D}.Release|x64.Build.0 = Release|x64
		{CE1C78D0-8EC3-496D-AAF2-848F09417E2D}.Release|x86.ActiveCfg = Release|x86
		{CE1C78D0-8EC3-496D-AAF2-848F09417E2D}.Release|x86.Build.0 = Release|x86
		{9B4E638D-0844-402D-A791-8D9D02E6A846}.Debug|Any CPU.ActiveCfg = Debug|Any CPU
		{9B4E638D-0844-402D-A791-8D9D02E6A846}.Debug|Any CPU.Build.0 = Debug|Any CPU
		{9B4E638D-0844-402D-A791-8D9D02E6A846}.Debug|x64.ActiveCfg = Debug|x64
		{9B4E638D-0844-402D-A791-8D9D02E6A846}.Debug|x64.Build.0 = Debug|x64
		{9B4E638D-0844-402D-A791-8D9D02E6A846}.Debug|x86.ActiveCfg = Debug|x86
		{9B4E638D-0844-402D-A791-8D9D02E6A846}.Debug|x86.Build.0 = Debug|x86
		{9B4E638D-0844-402D-A791-8D9D02E6A846}.Release|Any CPU.ActiveCfg = Release|Any CPU
		{9B4E638D-0844-402D-A791-8D9D02E6A846}.Release|Any CPU.Build.0 = Release|Any CPU
		{9B4E638D-0844-402D-A791-8D9D02E6A846}.Release|x64.ActiveCfg = Release|x64
		{9B4E638D-0844-402D-A791-8D9D02E6A846}.Release|x64.Build.0 = Release|x64
		{9B4E638D-0844-402D-A791-8D9D02E6A846}.Release|x86.ActiveCfg = Release|x86
		{9B4E638D-0844-402D-A791-8D9D02E6A846}.Release|x86.Build.0 = Release|x86
		{AAAB77C1-EC49-4A02-B064-99BC1D948CB6}.Debug|Any CPU.ActiveCfg = Debug|Any CPU
		{AAAB77C1-EC49-4A02-B064-99BC1D948CB6}.Debug|Any CPU.Build.0 = Debug|Any CPU
		{AAAB77C1-EC49-4A02-B064-99BC1D948CB6}.Debug|x64.ActiveCfg = Debug|x64
		{AAAB77C1-EC49-4A02-B064-99BC1D948CB6}.Debug|x64.Build.0 = Debug|x64
		{AAAB77C1-EC49-4A02-B064-99BC1D948CB6}.Debug|x86.ActiveCfg = Debug|x86
		{AAAB77C1-EC49-4A02-B064-99BC1D948CB6}.Debug|x86.Build.0 = Debug|x86
		{AAAB77C1-EC49-4A02-B064-99BC1D948CB6}.Release|Any CPU.ActiveCfg = Release|Any CPU
		{AAAB77C1-EC49-4A02-B064-99BC1D948CB6}.Release|Any CPU.Build.0 = Release|Any CPU
		{AAAB77C1-EC49-4A02-B064-99BC1D948CB6}.Release|x64.ActiveCfg = Release|x64
		{AAAB77C1-EC49-4A02-B064-99BC1D948CB6}.Release|x64.Build.0 = Release|x64
		{AAAB77C1-EC49-4A02-B064-99BC1D948CB6}.Release|x86.ActiveCfg = Release|x86
		{AAAB77C1-EC49-4A02-B064-99BC1D948CB6}.Release|x86.Build.0 = Release|x86
		{B9C50173-98A3-48DA-BEC5-3231C82BFACC}.Debug|Any CPU.ActiveCfg = Debug|Any CPU
		{B9C50173-98A3-48DA-BEC5-3231C82BFACC}.Debug|Any CPU.Build.0 = Debug|Any CPU
		{B9C50173-98A3-48DA-BEC5-3231C82BFACC}.Debug|x64.ActiveCfg = Debug|x64
		{B9C50173-98A3-48DA-BEC5-3231C82BFACC}.Debug|x64.Build.0 = Debug|x64
		{B9C50173-98A3-48DA-BEC5-3231C82BFACC}.Debug|x86.ActiveCfg = Debug|x86
		{B9C50173-98A3-48DA-BEC5-3231C82BFACC}.Debug|x86.Build.0 = Debug|x86
		{B9C50173-98A3-48DA-BEC5-3231C82BFACC}.Release|Any CPU.ActiveCfg = Release|Any CPU
		{B9C50173-98A3-48DA-BEC5-3231C82BFACC}.Release|Any CPU.Build.0 = Release|Any CPU
		{B9C50173-98A3-48DA-BEC5-3231C82BFACC}.Release|x64.ActiveCfg = Release|x64
		{B9C50173-98A3-48DA-BEC5-3231C82BFACC}.Release|x64.Build.0 = Release|x64
		{B9C50173-98A3-48DA-BEC5-3231C82BFACC}.Release|x86.ActiveCfg = Release|x86
		{B9C50173-98A3-48DA-BEC5-3231C82BFACC}.Release|x86.Build.0 = Release|x86
		{82CCE861-C126-40AC-B692-5B0EBC034BC8}.Debug|Any CPU.ActiveCfg = Debug|Any CPU
		{82CCE861-C126-40AC-B692-5B0EBC034BC8}.Debug|Any CPU.Build.0 = Debug|Any CPU
		{82CCE861-C126-40AC-B692-5B0EBC034BC8}.Debug|x64.ActiveCfg = Debug|x64
		{82CCE861-C126-40AC-B692-5B0EBC034BC8}.Debug|x64.Build.0 = Debug|x64
		{82CCE861-C126-40AC-B692-5B0EBC034BC8}.Debug|x86.ActiveCfg = Debug|x86
		{82CCE861-C126-40AC-B692-5B0EBC034BC8}.Debug|x86.Build.0 = Debug|x86
		{82CCE861-C126-40AC-B692-5B0EBC034BC8}.Release|Any CPU.ActiveCfg = Release|Any CPU
		{82CCE861-C126-40AC-B692-5B0EBC034BC8}.Release|Any CPU.Build.0 = Release|Any CPU
		{82CCE861-C126-40AC-B692-5B0EBC034BC8}.Release|x64.ActiveCfg = Release|x64
		{82CCE861-C126-40AC-B692-5B0EBC034BC8}.Release|x64.Build.0 = Release|x64
		{82CCE861-C126-40AC-B692-5B0EBC034BC8}.Release|x86.ActiveCfg = Release|x86
		{82CCE861-C126-40AC-B692-5B0EBC034BC8}.Release|x86.Build.0 = Release|x86
		{584DBE36-81A4-4EF8-8318-E371B0F306DE}.Debug|Any CPU.ActiveCfg = Debug|Any CPU
		{584DBE36-81A4-4EF8-8318-E371B0F306DE}.Debug|Any CPU.Build.0 = Debug|Any CPU
		{584DBE36-81A4-4EF8-8318-E371B0F306DE}.Debug|x64.ActiveCfg = Debug|x64
		{584DBE36-81A4-4EF8-8318-E371B0F306DE}.Debug|x64.Build.0 = Debug|x64
		{584DBE36-81A4-4EF8-8318-E371B0F306DE}.Debug|x86.ActiveCfg = Debug|x86
		{584DBE36-81A4-4EF8-8318-E371B0F306DE}.Debug|x86.Build.0 = Debug|x86
		{584DBE36-81A4-4EF8-8318-E371B0F306DE}.Release|Any CPU.ActiveCfg = Release|Any CPU
		{584DBE36-81A4-4EF8-8318-E371B0F306DE}.Release|Any CPU.Build.0 = Release|Any CPU
		{584DBE36-81A4-4EF8-8318-E371B0F306DE}.Release|x64.ActiveCfg = Release|x64
		{584DBE36-81A4-4EF8-8318-E371B0F306DE}.Release|x64.Build.0 = Release|x64
		{584DBE36-81A4-4EF8-8318-E371B0F306DE}.Release|x86.ActiveCfg = Release|x86
		{584DBE36-81A4-4EF8-8318-E371B0F306DE}.Release|x86.Build.0 = Release|x86
		{F63B8BC4-743D-4A05-8D72-B23D3C47F83C}.Debug|Any CPU.ActiveCfg = Debug|Any CPU
		{F63B8BC4-743D-4A05-8D72-B23D3C47F83C}.Debug|Any CPU.Build.0 = Debug|Any CPU
		{F63B8BC4-743D-4A05-8D72-B23D3C47F83C}.Debug|x64.ActiveCfg = Debug|x64
		{F63B8BC4-743D-4A05-8D72-B23D3C47F83C}.Debug|x64.Build.0 = Debug|x64
		{F63B8BC4-743D-4A05-8D72-B23D3C47F83C}.Debug|x86.ActiveCfg = Debug|x86
		{F63B8BC4-743D-4A05-8D72-B23D3C47F83C}.Debug|x86.Build.0 = Debug|x86
		{F63B8BC4-743D-4A05-8D72-B23D3C47F83C}.Release|Any CPU.ActiveCfg = Release|Any CPU
		{F63B8BC4-743D-4A05-8D72-B23D3C47F83C}.Release|Any CPU.Build.0 = Release|Any CPU
		{F63B8BC4-743D-4A05-8D72-B23D3C47F83C}.Release|x64.ActiveCfg = Release|x64
		{F63B8BC4-743D-4A05-8D72-B23D3C47F83C}.Release|x64.Build.0 = Release|x64
		{F63B8BC4-743D-4A05-8D72-B23D3C47F83C}.Release|x86.ActiveCfg = Release|x86
		{F63B8BC4-743D-4A05-8D72-B23D3C47F83C}.Release|x86.Build.0 = Release|x86
		{C9625176-1BAD-4D62-A135-C7AFF505DB72}.Debug|Any CPU.ActiveCfg = Debug|Any CPU
		{C9625176-1BAD-4D62-A135-C7AFF505DB72}.Debug|Any CPU.Build.0 = Debug|Any CPU
		{C9625176-1BAD-4D62-A135-C7AFF505DB72}.Debug|x64.ActiveCfg = Debug|x64
		{C9625176-1BAD-4D62-A135-C7AFF505DB72}.Debug|x64.Build.0 = Debug|x64
		{C9625176-1BAD-4D62-A135-C7AFF505DB72}.Debug|x86.ActiveCfg = Debug|x86
		{C9625176-1BAD-4D62-A135-C7AFF505DB72}.Debug|x86.Build.0 = Debug|x86
		{C9625176-1BAD-4D62-A135-C7AFF505DB72}.Release|Any CPU.ActiveCfg = Release|Any CPU
		{C9625176-1BAD-4D62-A135-C7AFF505DB72}.Release|Any CPU.Build.0 = Release|Any CPU
		{C9625176-1BAD-4D62-A135-C7AFF505DB72}.Release|x64.ActiveCfg = Release|x64
		{C9625176-1BAD-4D62-A135-C7AFF505DB72}.Release|x64.Build.0 = Release|x64
		{C9625176-1BAD-4D62-A135-C7AFF505DB72}.Release|x86.ActiveCfg = Release|x86
		{C9625176-1BAD-4D62-A135-C7AFF505DB72}.Release|x86.Build.0 = Release|x86
		{2F42BF2C-360B-4C0A-AE96-15813D4FD871}.Debug|Any CPU.ActiveCfg = Debug|Any CPU
		{2F42BF2C-360B-4C0A-AE96-15813D4FD871}.Debug|Any CPU.Build.0 = Debug|Any CPU
		{2F42BF2C-360B-4C0A-AE96-15813D4FD871}.Debug|x64.ActiveCfg = Debug|x64
		{2F42BF2C-360B-4C0A-AE96-15813D4FD871}.Debug|x64.Build.0 = Debug|x64
		{2F42BF2C-360B-4C0A-AE96-15813D4FD871}.Debug|x86.ActiveCfg = Debug|x86
		{2F42BF2C-360B-4C0A-AE96-15813D4FD871}.Debug|x86.Build.0 = Debug|x86
		{2F42BF2C-360B-4C0A-AE96-15813D4FD871}.Release|Any CPU.ActiveCfg = Release|Any CPU
		{2F42BF2C-360B-4C0A-AE96-15813D4FD871}.Release|Any CPU.Build.0 = Release|Any CPU
		{2F42BF2C-360B-4C0A-AE96-15813D4FD871}.Release|x64.ActiveCfg = Release|x64
		{2F42BF2C-360B-4C0A-AE96-15813D4FD871}.Release|x64.Build.0 = Release|x64
		{2F42BF2C-360B-4C0A-AE96-15813D4FD871}.Release|x86.ActiveCfg = Release|x86
		{2F42BF2C-360B-4C0A-AE96-15813D4FD871}.Release|x86.Build.0 = Release|x86
		{50D0B0B6-14A3-4BEC-A950-C92A6001FE45}.Debug|Any CPU.ActiveCfg = Debug|Any CPU
		{50D0B0B6-14A3-4BEC-A950-C92A6001FE45}.Debug|Any CPU.Build.0 = Debug|Any CPU
		{50D0B0B6-14A3-4BEC-A950-C92A6001FE45}.Debug|x64.ActiveCfg = Debug|Any CPU
		{50D0B0B6-14A3-4BEC-A950-C92A6001FE45}.Debug|x86.ActiveCfg = Debug|Any CPU
		{50D0B0B6-14A3-4BEC-A950-C92A6001FE45}.Release|Any CPU.ActiveCfg = Release|Any CPU
		{50D0B0B6-14A3-4BEC-A950-C92A6001FE45}.Release|Any CPU.Build.0 = Release|Any CPU
		{50D0B0B6-14A3-4BEC-A950-C92A6001FE45}.Release|x64.ActiveCfg = Release|x64
		{50D0B0B6-14A3-4BEC-A950-C92A6001FE45}.Release|x64.Build.0 = Release|x64
		{50D0B0B6-14A3-4BEC-A950-C92A6001FE45}.Release|x86.ActiveCfg = Release|x86
		{50D0B0B6-14A3-4BEC-A950-C92A6001FE45}.Release|x86.Build.0 = Release|x86
		{EFEB6E02-3E72-4881-84A0-478A6F05D9B2}.Debug|Any CPU.ActiveCfg = Debug|Any CPU
		{EFEB6E02-3E72-4881-84A0-478A6F05D9B2}.Debug|Any CPU.Build.0 = Debug|Any CPU
		{EFEB6E02-3E72-4881-84A0-478A6F05D9B2}.Debug|x64.ActiveCfg = Debug|Any CPU
		{EFEB6E02-3E72-4881-84A0-478A6F05D9B2}.Debug|x64.Build.0 = Debug|Any CPU
		{EFEB6E02-3E72-4881-84A0-478A6F05D9B2}.Debug|x86.ActiveCfg = Debug|Any CPU
		{EFEB6E02-3E72-4881-84A0-478A6F05D9B2}.Debug|x86.Build.0 = Debug|Any CPU
		{EFEB6E02-3E72-4881-84A0-478A6F05D9B2}.Release|Any CPU.ActiveCfg = Release|Any CPU
		{EFEB6E02-3E72-4881-84A0-478A6F05D9B2}.Release|Any CPU.Build.0 = Release|Any CPU
		{EFEB6E02-3E72-4881-84A0-478A6F05D9B2}.Release|x64.ActiveCfg = Release|Any CPU
		{EFEB6E02-3E72-4881-84A0-478A6F05D9B2}.Release|x64.Build.0 = Release|Any CPU
		{EFEB6E02-3E72-4881-84A0-478A6F05D9B2}.Release|x86.ActiveCfg = Release|Any CPU
		{EFEB6E02-3E72-4881-84A0-478A6F05D9B2}.Release|x86.Build.0 = Release|Any CPU
		{991EC979-8A0B-4160-81B0-3116AAEE7EC5}.Debug|Any CPU.ActiveCfg = Debug|Any CPU
		{991EC979-8A0B-4160-81B0-3116AAEE7EC5}.Debug|Any CPU.Build.0 = Debug|Any CPU
		{991EC979-8A0B-4160-81B0-3116AAEE7EC5}.Debug|x64.ActiveCfg = Debug|Any CPU
		{991EC979-8A0B-4160-81B0-3116AAEE7EC5}.Debug|x64.Build.0 = Debug|Any CPU
		{991EC979-8A0B-4160-81B0-3116AAEE7EC5}.Debug|x86.ActiveCfg = Debug|Any CPU
		{991EC979-8A0B-4160-81B0-3116AAEE7EC5}.Debug|x86.Build.0 = Debug|Any CPU
		{991EC979-8A0B-4160-81B0-3116AAEE7EC5}.Release|Any CPU.ActiveCfg = Release|Any CPU
		{991EC979-8A0B-4160-81B0-3116AAEE7EC5}.Release|Any CPU.Build.0 = Release|Any CPU
		{991EC979-8A0B-4160-81B0-3116AAEE7EC5}.Release|x64.ActiveCfg = Release|Any CPU
		{991EC979-8A0B-4160-81B0-3116AAEE7EC5}.Release|x64.Build.0 = Release|Any CPU
		{991EC979-8A0B-4160-81B0-3116AAEE7EC5}.Release|x86.ActiveCfg = Release|Any CPU
		{991EC979-8A0B-4160-81B0-3116AAEE7EC5}.Release|x86.Build.0 = Release|Any CPU
	EndGlobalSection
	GlobalSection(SolutionProperties) = preSolution
		HideSolutionNode = FALSE
	EndGlobalSection
	GlobalSection(ExtensibilityGlobals) = postSolution
		SolutionGuid = {71633AF5-2C4F-4E1E-B10A-585CEDD971BE}
	EndGlobalSection
EndGlobal
